// !$*UTF8*$!
{
	archiveVersion = 1;
	classes = {
	};
	objectVersion = 46;
	objects = {

/* Begin PBXBuildFile section */
		C2DAA0B71CD6D80C00E6961E /* main.m in Sources */ = {isa = PBXBuildFile; fileRef = C2DAA0B61CD6D80C00E6961E /* main.m */; };
		C2DAA0BA1CD6D80C00E6961E /* AppDelegate.m in Sources */ = {isa = PBXBuildFile; fileRef = C2DAA0B91CD6D80C00E6961E /* AppDelegate.m */; };
		C2DAA0C21CD6D80C00E6961E /* Assets.xcassets in Resources */ = {isa = PBXBuildFile; fileRef = C2DAA0C11CD6D80C00E6961E /* Assets.xcassets */; };
		C2DAA0C51CD6D80C00E6961E /* LaunchScreen.storyboard in Resources */ = {isa = PBXBuildFile; fileRef = C2DAA0C31CD6D80C00E6961E /* LaunchScreen.storyboard */; };
		C2DAA0D21CD6D86600E6961E /* OneViewController.m in Sources */ = {isa = PBXBuildFile; fileRef = C2DAA0CD1CD6D86600E6961E /* OneViewController.m */; };
		C2DAA0D31CD6D86600E6961E /* ThreeViewController.m in Sources */ = {isa = PBXBuildFile; fileRef = C2DAA0CF1CD6D86600E6961E /* ThreeViewController.m */; };
		C2DAA0D41CD6D86600E6961E /* TwoViewController.m in Sources */ = {isa = PBXBuildFile; fileRef = C2DAA0D11CD6D86600E6961E /* TwoViewController.m */; };
		C2DAA0D81CD6D8B000E6961E /* HMNavigationPopAnimator.m in Sources */ = {isa = PBXBuildFile; fileRef = C2DAA0D71CD6D8B000E6961E /* HMNavigationPopAnimator.m */; };
/* End PBXBuildFile section */

/* Begin PBXFileReference section */
		C2DAA0B21CD6D80C00E6961E /* 导航控制器交互式缩放返回.app */ = {isa = PBXFileReference; explicitFileType = wrapper.application; includeInIndex = 0; path = "导航控制器交互式缩放返回.app"; sourceTree = BUILT_PRODUCTS_DIR; };
		C2DAA0B61CD6D80C00E6961E /* main.m */ = {isa = PBXFileReference; lastKnownFileType = sourcecode.c.objc; path = main.m; sourceTree = "<group>"; };
		C2DAA0B81CD6D80C00E6961E /* AppDelegate.h */ = {isa = PBXFileReference; lastKnownFileType = sourcecode.c.h; path = AppDelegate.h; sourceTree = "<group>"; };
		C2DAA0B91CD6D80C00E6961E /* AppDelegate.m */ = {isa = PBXFileReference; lastKnownFileType = sourcecode.c.objc; path = AppDelegate.m; sourceTree = "<group>"; };
		C2DAA0C11CD6D80C00E6961E /* Assets.xcassets */ = {isa = PBXFileReference; lastKnownFileType = folder.assetcatalog; path = Assets.xcassets; sourceTree = "<group>"; };
		C2DAA0C41CD6D80C00E6961E /* Base */ = {isa = PBXFileReference; lastKnownFileType = file.storyboard; name = Base; path = Base.lproj/LaunchScreen.storyboard; sourceTree = "<group>"; };
		C2DAA0C61CD6D80C00E6961E /* Info.plist */ = {isa = PBXFileReference; lastKnownFileType = text.plist.xml; path = Info.plist; sourceTree = "<group>"; };
		C2DAA0CC1CD6D86600E6961E /* OneViewController.h */ = {isa = PBXFileReference; fileEncoding = 4; lastKnownFileType = sourcecode.c.h; path = OneViewController.h; sourceTree = "<group>"; };
		C2DAA0CD1CD6D86600E6961E /* OneViewController.m */ = {isa = PBXFileReference; fileEncoding = 4; lastKnownFileType = sourcecode.c.objc; path = OneViewController.m; sourceTree = "<group>"; };
		C2DAA0CE1CD6D86600E6961E /* ThreeViewController.h */ = {isa = PBXFileReference; fileEncoding = 4; lastKnownFileType = sourcecode.c.h; path = ThreeViewController.h; sourceTree = "<group>"; };
		C2DAA0CF1CD6D86600E6961E /* ThreeViewController.m */ = {isa = PBXFileReference; fileEncoding = 4; lastKnownFileType = sourcecode.c.objc; path = ThreeViewController.m; sourceTree = "<group>"; };
		C2DAA0D01CD6D86600E6961E /* TwoViewController.h */ = {isa = PBXFileReference; fileEncoding = 4; lastKnownFileType = sourcecode.c.h; path = TwoViewController.h; sourceTree = "<group>"; };
		C2DAA0D11CD6D86600E6961E /* TwoViewController.m */ = {isa = PBXFileReference; fileEncoding = 4; lastKnownFileType = sourcecode.c.objc; path = TwoViewController.m; sourceTree = "<group>"; };
		C2DAA0D61CD6D8B000E6961E /* HMNavigationPopAnimator.h */ = {isa = PBXFileReference; fileEncoding = 4; lastKnownFileType = sourcecode.c.h; path = HMNavigationPopAnimator.h; sourceTree = "<group>"; };
		C2DAA0D71CD6D8B000E6961E /* HMNavigationPopAnimator.m */ = {isa = PBXFileReference; fileEncoding = 4; lastKnownFileType = sourcecode.c.objc; path = HMNavigationPopAnimator.m; sourceTree = "<group>"; };
/* End PBXFileReference section */

/* Begin PBXFrameworksBuildPhase section */
		C2DAA0AF1CD6D80C00E6961E /* Frameworks */ = {
			isa = PBXFrameworksBuildPhase;
			buildActionMask = 2147483647;
			files = (
			);
			runOnlyForDeploymentPostprocessing = 0;
		};
/* End PBXFrameworksBuildPhase section */

/* Begin PBXGroup section */
		C2DAA0A91CD6D80C00E6961E = {
			isa = PBXGroup;
			children = (
				C2DAA0B41CD6D80C00E6961E /* 导航控制器交互式缩放返回 */,
				C2DAA0B31CD6D80C00E6961E /* Products */,
			);
			sourceTree = "<group>";
		};
		C2DAA0B31CD6D80C00E6961E /* Products */ = {
			isa = PBXGroup;
			children = (
				C2DAA0B21CD6D80C00E6961E /* 导航控制器交互式缩放返回.app */,
			);
			name = Products;
			sourceTree = "<group>";
		};
		C2DAA0B41CD6D80C00E6961E /* 导航控制器交互式缩放返回 */ = {
			isa = PBXGroup;
			children = (
				C2DAA0D51CD6D89C00E6961E /* HMPopAnimator */,
				C2DAA0B81CD6D80C00E6961E /* AppDelegate.h */,
				C2DAA0B91CD6D80C00E6961E /* AppDelegate.m */,
				C2DAA0CC1CD6D86600E6961E /* OneViewController.h */,
				C2DAA0CD1CD6D86600E6961E /* OneViewController.m */,
				C2DAA0D01CD6D86600E6961E /* TwoViewController.h */,
				C2DAA0D11CD6D86600E6961E /* TwoViewController.m */,
				C2DAA0CE1CD6D86600E6961E /* ThreeViewController.h */,
				C2DAA0CF1CD6D86600E6961E /* ThreeViewController.m */,
				C2DAA0C11CD6D80C00E6961E /* Assets.xcassets */,
				C2DAA0C31CD6D80C00E6961E /* LaunchScreen.storyboard */,
				C2DAA0C61CD6D80C00E6961E /* Info.plist */,
				C2DAA0B51CD6D80C00E6961E /* Supporting Files */,
			);
			path = "导航控制器交互式缩放返回";
			sourceTree = "<group>";
		};
		C2DAA0B51CD6D80C00E6961E /* Supporting Files */ = {
			isa = PBXGroup;
			children = (
				C2DAA0B61CD6D80C00E6961E /* main.m */,
			);
			name = "Supporting Files";
			sourceTree = "<group>";
		};
		C2DAA0D51CD6D89C00E6961E /* HMPopAnimator */ = {
			isa = PBXGroup;
			children = (
				C2DAA0D61CD6D8B000E6961E /* HMNavigationPopAnimator.h */,
				C2DAA0D71CD6D8B000E6961E /* HMNavigationPopAnimator.m */,
			);
			path = HMPopAnimator;
			sourceTree = "<group>";
		};
/* End PBXGroup section */

/* Begin PBXNativeTarget section */
		C2DAA0B11CD6D80C00E6961E /* 导航控制器交互式缩放返回 */ = {
			isa = PBXNativeTarget;
			buildConfigurationList = C2DAA0C91CD6D80C00E6961E /* Build configuration list for PBXNativeTarget "导航控制器交互式缩放返回" */;
			buildPhases = (
				C2DAA0AE1CD6D80C00E6961E /* Sources */,
				C2DAA0AF1CD6D80C00E6961E /* Frameworks */,
				C2DAA0B01CD6D80C00E6961E /* Resources */,
			);
			buildRules = (
			);
			dependencies = (
			);
			name = "导航控制器交互式缩放返回";
			productName = "导航控制器交互式缩放返回";
			productReference = C2DAA0B21CD6D80C00E6961E /* 导航控制器交互式缩放返回.app */;
			productType = "com.apple.product-type.application";
		};
/* End PBXNativeTarget section */

/* Begin PBXProject section */
		C2DAA0AA1CD6D80C00E6961E /* Project object */ = {
			isa = PBXProject;
			attributes = {
				LastUpgradeCheck = 0730;
				ORGANIZATIONNAME = itcast;
				TargetAttributes = {
					C2DAA0B11CD6D80C00E6961E = {
						CreatedOnToolsVersion = 7.3.1;
					};
				};
			};
			buildConfigurationList = C2DAA0AD1CD6D80C00E6961E /* Build configuration list for PBXProject "导航控制器交互式缩放返回" */;
			compatibilityVersion = "Xcode 3.2";
			developmentRegion = English;
			hasScannedForEncodings = 0;
			knownRegions = (
				en,
				Base,
			);
			mainGroup = C2DAA0A91CD6D80C00E6961E;
			productRefGroup = C2DAA0B31CD6D80C00E6961E /* Products */;
			projectDirPath = "";
			projectRoot = "";
			targets = (
				C2DAA0B11CD6D80C00E6961E /* 导航控制器交互式缩放返回 */,
			);
		};
/* End PBXProject section */

/* Begin PBXResourcesBuildPhase section */
		C2DAA0B01CD6D80C00E6961E /* Resources */ = {
			isa = PBXResourcesBuildPhase;
			buildActionMask = 2147483647;
			files = (
				C2DAA0C51CD6D80C00E6961E /* LaunchScreen.storyboard in Resources */,
				C2DAA0C21CD6D80C00E6961E /* Assets.xcassets in Resources */,
			);
			runOnlyForDeploymentPostprocessing = 0;
		};
/* End PBXResourcesBuildPhase section */

/* Begin PBXSourcesBuildPhase section */
		C2DAA0AE1CD6D80C00E6961E /* Sources */ = {
			isa = PBXSourcesBuildPhase;
			buildActionMask = 2147483647;
			files = (
				C2DAA0D21CD6D86600E6961E /* OneViewController.m in Sources */,
				C2DAA0BA1CD6D80C00E6961E /* AppDelegate.m in Sources */,
				C2DAA0B71CD6D80C00E6961E /* main.m in Sources */,
				C2DAA0D81CD6D8B000E6961E /* HMNavigationPopAnimator.m in Sources */,
				C2DAA0D41CD6D86600E6961E /* TwoViewController.m in Sources */,
				C2DAA0D31CD6D86600E6961E /* ThreeViewController.m in Sources */,
			);
			runOnlyForDeploymentPostprocessing = 0;
		};
/* End PBXSourcesBuildPhase section */

/* Begin PBXVariantGroup section */
		C2DAA0C31CD6D80C00E6961E /* LaunchScreen.storyboard */ = {
			isa = PBXVariantGroup;
			children = (
				C2DAA0C41CD6D80C00E6961E /* Base */,
			);
			name = LaunchScreen.storyboard;
			sourceTree = "<group>";
		};
/* End PBXVariantGroup section */

/* Begin XCBuildConfiguration section */
		C2DAA0C71CD6D80C00E6961E /* Debug */ = {
			isa = XCBuildConfiguration;
			buildSettings = {
				ALWAYS_SEARCH_USER_PATHS = NO;
				CLANG_ANALYZER_NONNULL = YES;
				CLANG_CXX_LANGUAGE_STANDARD = "gnu++0x";
				CLANG_CXX_LIBRARY = "libc++";
				CLANG_ENABLE_MODULES = YES;
				CLANG_ENABLE_OBJC_ARC = YES;
				CLANG_WARN_BOOL_CONVERSION = YES;
				CLANG_WARN_CONSTANT_CONVERSION = YES;
				CLANG_WARN_DIRECT_OBJC_ISA_USAGE = YES_ERROR;
				CLANG_WARN_EMPTY_BODY = YES;
				CLANG_WARN_ENUM_CONVERSION = YES;
				CLANG_WARN_INT_CONVERSION = YES;
				CLANG_WARN_OBJC_ROOT_CLASS = YES_ERROR;
				CLANG_WARN_UNREACHABLE_CODE = YES;
				CLANG_WARN__DUPLICATE_METHOD_MATCH = YES;
				"CODE_SIGN_IDENTITY[sdk=iphoneos*]" = "iPhone Developer";
				COPY_PHASE_STRIP = NO;
				DEBUG_INFORMATION_FORMAT = dwarf;
				ENABLE_STRICT_OBJC_MSGSEND = YES;
				ENABLE_TESTABILITY = YES;
				GCC_C_LANGUAGE_STANDARD = gnu99;
				GCC_DYNAMIC_NO_PIC = NO;
				GCC_NO_COMMON_BLOCKS = YES;
				GCC_OPTIMIZATION_LEVEL = 0;
				GCC_PREPROCESSOR_DEFINITIONS = (
					"DEBUG=1",
					"$(inherited)",
				);
				GCC_WARN_64_TO_32_BIT_CONVERSION = YES;
				GCC_WARN_ABOUT_RETURN_TYPE = YES_ERROR;
				GCC_WARN_UNDECLARED_SELECTOR = YES;
				GCC_WARN_UNINITIALIZED_AUTOS = YES_AGGRESSIVE;
				GCC_WARN_UNUSED_FUNCTION = YES;
				GCC_WARN_UNUSED_VARIABLE = YES;
				IPHONEOS_DEPLOYMENT_TARGET = 9.3;
				MTL_ENABLE_DEBUG_INFO = YES;
				ONLY_ACTIVE_ARCH = YES;
				SDKROOT = iphoneos;
			};
			name = Debug;
		};
		C2DAA0C81CD6D80C00E6961E /* Release */ = {
			isa = XCBuildConfiguration;
			buildSettings = {
				ALWAYS_SEARCH_USER_PATHS = NO;
				CLANG_ANALYZER_NONNULL = YES;
				CLANG_CXX_LANGUAGE_STANDARD = "gnu++0x";
				CLANG_CXX_LIBRARY = "libc++";
				CLANG_ENABLE_MODULES = YES;
				CLANG_ENABLE_OBJC_ARC = YES;
				CLANG_WARN_BOOL_CONVERSION = YES;
				CLANG_WARN_CONSTANT_CONVERSION = YES;
				CLANG_WARN_DIRECT_OBJC_ISA_USAGE = YES_ERROR;
				CLANG_WARN_EMPTY_BODY = YES;
				CLANG_WARN_ENUM_CONVERSION = YES;
				CLANG_WARN_INT_CONVERSION = YES;
				CLANG_WARN_OBJC_ROOT_CLASS = YES_ERROR;
				CLANG_WARN_UNREACHABLE_CODE = YES;
				CLANG_WARN__DUPLICATE_METHOD_MATCH = YES;
				"CODE_SIGN_IDENTITY[sdk=iphoneos*]" = "iPhone Developer";
				COPY_PHASE_STRIP = NO;
				DEBUG_INFORMATION_FORMAT = "dwarf-with-dsym";
				ENABLE_NS_ASSERTIONS = NO;
				ENABLE_STRICT_OBJC_MSGSEND = YES;
				GCC_C_LANGUAGE_STANDARD = gnu99;
				GCC_NO_COMMON_BLOCKS = YES;
				GCC_WARN_64_TO_32_BIT_CONVERSION = YES;
				GCC_WARN_ABOUT_RETURN_TYPE = YES_ERROR;
				GCC_WARN_UNDECLARED_SELECTOR = YES;
				GCC_WARN_UNINITIALIZED_AUTOS = YES_AGGRESSIVE;
				GCC_WARN_UNUSED_FUNCTION = YES;
				GCC_WARN_UNUSED_VARIABLE = YES;
				IPHONEOS_DEPLOYMENT_TARGET = 9.3;
				MTL_ENABLE_DEBUG_INFO = NO;
				SDKROOT = iphoneos;
				VALIDATE_PRODUCT = YES;
			};
			name = Release;
		};
		C2DAA0CA1CD6D80C00E6961E /* Debug */ = {
			isa = XCBuildConfiguration;
			buildSettings = {
				ASSETCATALOG_COMPILER_APPICON_NAME = AppIcon;
				INFOPLIST_FILE = "导航控制器交互式缩放返回/Info.plist";
				IPHONEOS_DEPLOYMENT_TARGET = 8.0;
				LD_RUNPATH_SEARCH_PATHS = "$(inherited) @executable_path/Frameworks";
				PRODUCT_BUNDLE_IDENTIFIER = "cn.itcast.------------";
				PRODUCT_NAME = "$(TARGET_NAME)";
			};
			name = Debug;
		};
		C2DAA0CB1CD6D80C00E6961E /* Release */ = {
			isa = XCBuildConfiguration;
			buildSettings = {
				ASSETCATALOG_COMPILER_APPICON_NAME = AppIcon;
				INFOPLIST_FILE = "导航控制器交互式缩放返回/Info.plist";
				IPHONEOS_DEPLOYMENT_TARGET = 8.0;
				LD_RUNPATH_SEARCH_PATHS = "$(inherited) @executable_path/Frameworks";
				PRODUCT_BUNDLE_IDENTIFIER = "cn.itcast.------------";
				PRODUCT_NAME = "$(TARGET_NAME)";
			};
			name = Release;
		};
/* End XCBuildConfiguration section */

/* Begin XCConfigurationList section */
		C2DAA0AD1CD6D80C00E6961E /* Build configuration list for PBXProject "导航控制器交互式缩放返回" */ = {
			isa = XCConfigurationList;
			buildConfigurations = (
				C2DAA0C71CD6D80C00E6961E /* Debug */,
				C2DAA0C81CD6D80C00E6961E /* Release */,
			);
			defaultConfigurationIsVisible = 0;
			defaultConfigurationName = Release;
		};
		C2DAA0C91CD6D80C00E6961E /* Build configuration list for PBXNativeTarget "导航控制器交互式缩放返回" */ = {
			isa = XCConfigurationList;
			buildConfigurations = (
				C2DAA0CA1CD6D80C00E6961E /* Debug */,
				C2DAA0CB1CD6D80C00E6961E /* Release */,
			);
			defaultConfigurationIsVisible = 0;
		};
/* End XCConfigurationList section */
	};
	rootObject = C2DAA0AA1CD6D80C00E6961E /* Project object */;
}
